
Microsoft Visual Studio Solution File, Format Version 12.00
# Visual Studio Version 16
VisualStudioVersion = 16.0.31702.278
MinimumVisualStudioVersion = 10.0.40219.1
Project("{FAE04EC0-301F-11D3-BF4B-00C04F79EFBC}") = "Modules", "Modules.csproj", "{4670D15B-1D7E-4428-B0C0-672D605502FB}"
EndProject
Global
	GlobalSection(SolutionConfigurationPlatforms) = preSolution
		Debug|Any CPU = Debug|Any CPU
		Release|Any CPU = Release|Any CPU
	EndGlobalSection
	GlobalSection(ProjectConfigurationPlatforms) = postSolution
		{4670D15B-1D7E-4428-B0C0-672D605502FB}.Debug|Any CPU.ActiveCfg = Debug|Any CPU
		{4670D15B-1D7E-4428-B0C0-672D605502FB}.Debug|Any CPU.Build.0 = Debug|Any CPU
		{4670D15B-1D7E-4428-B0C0-672D605502FB}.Release|Any CPU.ActiveCfg = Release|Any CPU
		{4670D15B-1D7E-4428-B0C0-672D605502FB}.Release|Any CPU.Build.0 = Release|Any CPU
	EndGlobalSection
	GlobalSection(SolutionProperties) = preSolution
		HideSolutionNode = FALSE
	EndGlobalSection
	GlobalSection(ExtensibilityGlobals) = postSolution
		SolutionGuid = {17FA29E4-DC96-423A-889B-134F40A34595}
	EndGlobalSection
EndGlobal
